
Microsoft Visual Studio Solution File, Format Version 12.00
# Visual Studio Version 17
VisualStudioVersion = 17.11.35312.102
MinimumVisualStudioVersion = 10.0.40219.1
Project("{FAE04EC0-301F-11D3-BF4B-00C04F79EFBC}") = "ApiTest", "ApiTest.csproj", "{3091BAD2-1C7B-473E-911F-E73990809C8A}"
EndProject
Global
	GlobalSection(SolutionConfigurationPlatforms) = preSolution
		Debug|Any CPU = Debug|Any CPU
		Release|Any CPU = Release|Any CPU
	EndGlobalSection
	GlobalSection(ProjectConfigurationPlatforms) = postSolution
		{3091BAD2-1C7B-473E-911F-E73990809C8A}.Debug|Any CPU.ActiveCfg = Debug|Any CPU
		{3091BAD2-1C7B-473E-911F-E73990809C8A}.Debug|Any CPU.Build.0 = Debug|Any CPU
		{3091BAD2-1C7B-473E-911F-E73990809C8A}.Release|Any CPU.ActiveCfg = Release|Any CPU
		{3091BAD2-1C7B-473E-911F-E73990809C8A}.Release|Any CPU.Build.0 = Release|Any CPU
	EndGlobalSection
	GlobalSection(SolutionProperties) = preSolution
		HideSolutionNode = FALSE
	EndGlobalSection
	GlobalSection(ExtensibilityGlobals) = postSolution
		SolutionGuid = {699A7A69-0BA5-43A6-A309-59480A1B23AD}
	EndGlobalSection
EndGlobal
